
Microsoft Visual Studio Solution File, Format Version 12.00
# Visual Studio Version 16
VisualStudioVersion = 16.0.30128.74
MinimumVisualStudioVersion = 10.0.40219.1
Project("{FAE04EC0-301F-11D3-BF4B-00C04F79EFBC}") = "FlowChart", "FlowChart\FlowChart.csproj", "{79E350AC-C688-4A5A-967D-4B3244342C87}"
EndProject
Global
	GlobalSection(SolutionConfigurationPlatforms) = preSolution
		Debug|Any CPU = Debug|Any CPU
		Release|Any CPU = Release|Any CPU
	EndGlobalSection
	GlobalSection(ProjectConfigurationPlatforms) = postSolution
		{79E350AC-C688-4A5A-967D-4B3244342C87}.Debug|Any CPU.ActiveCfg = Debug|Any CPU
		{79E350AC-C688-4A5A-967D-4B3244342C87}.Debug|Any CPU.Build.0 = Debug|Any CPU
		{79E350AC-C688-4A5A-967D-4B3244342C87}.Release|Any CPU.ActiveCfg = Release|Any CPU
		{79E350AC-C688-4A5A-967D-4B3244342C87}.Release|Any CPU.Build.0 = Release|Any CPU
	EndGlobalSection
	GlobalSection(SolutionProperties) = preSolution
		HideSolutionNode = FALSE
	EndGlobalSection
	GlobalSection(ExtensibilityGlobals) = postSolution
		SolutionGuid = {8D9F0E7D-188C-4053-944D-AD3B100B3C6B}
	EndGlobalSection
EndGlobal
